
Microsoft Visual Studio Solution File, Format Version 12.00
# Visual Studio Version 17
VisualStudioVersion = 17.6.33927.249
MinimumVisualStudioVersion = 10.0.40219.1
Project("{9A19103F-16F7-4668-BE54-9A1E7A4F7556}") = "SimpleSample", "SimpleSample\SimpleSample.csproj", "{1AFF5E42-CECF-47E9-96EF-8CC54D6F31CA}"
EndProject
Global
	GlobalSection(SolutionConfigurationPlatforms) = preSolution
		Debug|Any CPU = Debug|Any CPU
		Release|Any CPU = Release|Any CPU
		Release-Xml|Any CPU = Release-Xml|Any CPU
	EndGlobalSection
	GlobalSection(ProjectConfigurationPlatforms) = postSolution
		{1AFF5E42-CECF-47E9-96EF-8CC54D6F31CA}.Debug|Any CPU.ActiveCfg = Debug|Any CPU
		{1AFF5E42-CECF-47E9-96EF-8CC54D6F31CA}.Debug|Any CPU.Build.0 = Debug|Any CPU
		{1AFF5E42-CECF-47E9-96EF-8CC54D6F31CA}.Release|Any CPU.ActiveCfg = Release|Any CPU
		{1AFF5E42-CECF-47E9-96EF-8CC54D6F31CA}.Release|Any CPU.Build.0 = Release|Any CPU
		{1AFF5E42-CECF-47E9-96EF-8CC54D6F31CA}.Release-Xml|Any CPU.ActiveCfg = Release|Any CPU
		{1AFF5E42-CECF-47E9-96EF-8CC54D6F31CA}.Release-Xml|Any CPU.Build.0 = Release|Any CPU
	EndGlobalSection
	GlobalSection(SolutionProperties) = preSolution
		HideSolutionNode = FALSE
	EndGlobalSection
	GlobalSection(ExtensibilityGlobals) = postSolution
		SolutionGuid = {B475F5F2-EA05-4A68-BA82-B32558828B95}
	EndGlobalSection
EndGlobal
